
Microsoft Visual Studio Solution File, Format Version 12.00
# Visual Studio Version 17
VisualStudioVersion = 17.14.36301.6 d17.14
MinimumVisualStudioVersion = 10.0.40219.1
Project("{2150E333-8FDC-42A3-9474-1A3956D46DE8}") = "Core", "Core", "{36D591C7-65C7-A0D1-1CBC-10CDE441BDC8}"
EndProject
Project("{2150E333-8FDC-42A3-9474-1A3956D46DE8}") = "Wpf", "Wpf", "{A6169443-559C-42F1-A3D2-446896EA67DE}"
EndProject
Project("{FAE04EC0-301F-11D3-BF4B-00C04F79EFBC}") = "JavaTransformer.Core.ModelViews", "JavaTransformer.Core.ModelViews\JavaTransformer.Core.ModelViews.csproj", "{94723EAC-E258-4C6A-BC1C-6AD08D480CA5}"
EndProject
Project("{FAE04EC0-301F-11D3-BF4B-00C04F79EFBC}") = "JavaTransformer.UI.Main", "JavaTransformer.UI.Main\JavaTransformer.UI.Main.csproj", "{384C5FF7-A02E-4C16-8FD7-F8090FBEDD34}"
EndProject
Global
	GlobalSection(SolutionConfigurationPlatforms) = preSolution
		Debug|Any CPU = Debug|Any CPU
		Release|Any CPU = Release|Any CPU
	EndGlobalSection
	GlobalSection(ProjectConfigurationPlatforms) = postSolution
		{94723EAC-E258-4C6A-BC1C-6AD08D480CA5}.Debug|Any CPU.ActiveCfg = Debug|Any CPU
		{94723EAC-E258-4C6A-BC1C-6AD08D480CA5}.Debug|Any CPU.Build.0 = Debug|Any CPU
		{94723EAC-E258-4C6A-BC1C-6AD08D480CA5}.Release|Any CPU.ActiveCfg = Release|Any CPU
		{94723EAC-E258-4C6A-BC1C-6AD08D480CA5}.Release|Any CPU.Build.0 = Release|Any CPU
		{384C5FF7-A02E-4C16-8FD7-F8090FBEDD34}.Debug|Any CPU.ActiveCfg = Debug|Any CPU
		{384C5FF7-A02E-4C16-8FD7-F8090FBEDD34}.Debug|Any CPU.Build.0 = Debug|Any CPU
		{384C5FF7-A02E-4C16-8FD7-F8090FBEDD34}.Release|Any CPU.ActiveCfg = Release|Any CPU
		{384C5FF7-A02E-4C16-8FD7-F8090FBEDD34}.Release|Any CPU.Build.0 = Release|Any CPU
	EndGlobalSection
	GlobalSection(SolutionProperties) = preSolution
		HideSolutionNode = FALSE
	EndGlobalSection
	GlobalSection(NestedProjects) = preSolution
		{94723EAC-E258-4C6A-BC1C-6AD08D480CA5} = {36D591C7-65C7-A0D1-1CBC-10CDE441BDC8}
		{384C5FF7-A02E-4C16-8FD7-F8090FBEDD34} = {A6169443-559C-42F1-A3D2-446896EA67DE}
	EndGlobalSection
	GlobalSection(ExtensibilityGlobals) = postSolution
		SolutionGuid = {31D8A01C-5D93-4ABF-8408-9A1A6CA05335}
	EndGlobalSection
EndGlobal
